# Generated by conda-lock.
# platform: osx-arm64
# input_hash: 02cfcaf6ee465073ab727dd950a52259d24bb6d41afb9b34a578b2f472c3056a
@EXPLICIT
https://conda.anaconda.org/conda-forge/osx-arm64/libev-4.33-h93a5062_2.conda#36d33e440c31857372a72137f78bacf5
https://conda.anaconda.org/conda-forge/noarch/python_abi-3.11-8_cp311.conda#8fcb6b0e2161850556231336dae58358
https://conda.anaconda.org/conda-forge/noarch/tzdata-2026c-h151e31d_0.conda#fcb489df604d100968b737f2cb6076c6
https://conda.anaconda.org/conda-forge/osx-arm64/bzip2-1.0.8-hd037594_9.conda#620b85a3f45526a8bc4d23fd78fc22f0
https://conda.anaconda.org/conda-forge/osx-arm64/c-ares-1.34.8-h84a0fba_0.conda#187f3b77e761a2f126f9e09f165cebba
https://conda.anaconda.org/conda-forge/noarch/ca-certificates-2026.7.22-hbd8a1cb_0.conda#0f51e2391ade309db462a55611263e9c
https://conda.anaconda.org/conda-forge/osx-arm64/icu-78.3-hc7cc350_2.conda#6133ddbb17ba2b50700dd88e9303ce27
https://conda.anaconda.org/conda-forge/osx-arm64/libcxx-22.1.8-h55c6f16_0.conda#89f76a2a21a3ec3ec983b5eb237c4113
https://conda.anaconda.org/conda-forge/osx-arm64/libexpat-2.8.1-hf6b4638_1.conda#a915151d5d3c5bf039f5ccc8402a436f
https://conda.anaconda.org/conda-forge/osx-arm64/libffi-3.7.0-hcf2aa1b_0.conda#92e8690d170d46d768c32553458c0105
https://conda.anaconda.org/conda-forge/osx-arm64/liblzma-5.8.3-h8088a28_0.conda#b1fd823b5ae54fbec272cea0811bd8a9
https://conda.anaconda.org/conda-forge/osx-arm64/libzlib-1.3.2-h8088a28_2.conda#bc5a5721b6439f2f62a84f2548136082
https://conda.anaconda.org/conda-forge/osx-arm64/llvm-openmp-22.1.8-hc7d1edf_0.conda#a9c118f6343fb6301b6f3b4e94c4c562
https://conda.anaconda.org/conda-forge/osx-arm64/ncurses-6.6-h1d4f5a5_0.conda#343d10ed5b44030a2f67193905aea159
https://conda.anaconda.org/conda-forge/osx-arm64/_openmp_mutex-4.5-7_kmp_llvm.conda#a44032f282e7d2acdeb1c240308052dd
https://conda.anaconda.org/conda-forge/osx-arm64/libaec-1.1.5-h8664d51_0.conda#13e6d9ae0efbc9d2e9a01a91f4372b41
https://conda.anaconda.org/conda-forge/osx-arm64/libedit-3.1.20250104-pl5321hafb1f1b_0.conda#44083d2d2c2025afca315c7a172eab2b
https://conda.anaconda.org/conda-forge/osx-arm64/liblzma-devel-5.8.3-h8088a28_0.conda#ebe1f5418d6e2d4bbc26b2c906a0a470
https://conda.anaconda.org/conda-forge/osx-arm64/libpsl-0.22.0-h92480b3_1.conda#9bced3ae8f4bc78a5b22f7247554c9ee
https://conda.anaconda.org/conda-forge/osx-arm64/libsqlite-3.53.4-h1ae2325_0.conda#0e3477c0c3e718dcf2eb74ccc8f68570
https://conda.anaconda.org/conda-forge/osx-arm64/openssl-3.6.3-hd24854e_0.conda#8187a86242741725bfa74785fe812979
https://conda.anaconda.org/conda-forge/osx-arm64/readline-8.3-h46df422_0.conda#f8381319127120ce51e081dce4865cf4
https://conda.anaconda.org/conda-forge/osx-arm64/tk-8.6.13-hd3d0363_3.conda#8e3cf0e455e6b54519f0b1c72c61780a
https://conda.anaconda.org/conda-forge/osx-arm64/xz-gpl-tools-5.8.3-hd0f0c4f_0.conda#43d168a8c95a8fcdcc44c2a0a7887653
https://conda.anaconda.org/conda-forge/osx-arm64/xz-tools-5.8.3-h8088a28_0.conda#b8c47eab4e58fe7015a12ceb9d5b114c
https://conda.anaconda.org/conda-forge/osx-arm64/zstd-1.5.7-hbf9d68e_6.conda#ab136e4c34e97f34fb621d2592a393d8
https://conda.anaconda.org/conda-forge/osx-arm64/krb5-1.22.2-hfd3d5f3_1.conda#8780f41b013d19219faef9c82260744b
https://conda.anaconda.org/conda-forge/osx-arm64/libgcc-15.2.0-hcbb3090_20.conda#6fdd748d713030aa15049387f44e6e3b
https://conda.anaconda.org/conda-forge/osx-arm64/libnghttp2-1.68.1-h8f3e76b_0.conda#6ea18834adbc3b33df9bd9fb45eaf95b
https://conda.anaconda.org/conda-forge/osx-arm64/libssh2-1.11.1-h1590b86_0.conda#b68e8f66b94b44aaa8de4583d3d4cc40
https://conda.anaconda.org/conda-forge/osx-arm64/xz-5.8.3-hd0f0c4f_0.conda#4df12be699991b97b66a85cc46ea75b5
https://conda.anaconda.org/conda-forge/osx-arm64/libcurl-8.21.0-h1359186_2.conda#dfe89fb0539ad4611998a5c6905692ff
https://conda.anaconda.org/conda-forge/osx-arm64/libgfortran5-15.2.0-hdae7583_20.conda#fb8c120a070dc1ba6ae28f0e2e645962
https://conda.anaconda.org/conda-forge/osx-arm64/python-3.11.9-h932a869_0_cpython.conda#293e0713ae804b5527a673e7605c04fc
https://conda.anaconda.org/conda-forge/noarch/cached_property-1.5.2-pyha770c72_2.conda#f71e6840332854fd2eac6c3229768a9c
https://conda.anaconda.org/conda-forge/osx-arm64/libgfortran-15.2.0-h07b0088_20.conda#13f8cd4261e99d055093225c2567c1d7
https://conda.anaconda.org/conda-forge/osx-arm64/llvmlite-0.46.0-py311h27de090_0.conda#2d29e8972651bb3cb593586becb090bc
https://conda.anaconda.org/conda-forge/noarch/packaging-26.2-pyhc364b38_0.conda#4c06a92e74452cfa53623a81592e8934
https://conda.anaconda.org/conda-forge/noarch/setuptools-83.0.0-pyh332efcf_0.conda#6bf6acbab2499830180ec88c3aff2fa4
https://conda.anaconda.org/conda-forge/noarch/cached-property-1.5.2-hd8ed1ab_2.conda#1990eb3f49022846fbc7fc9624a0ee43
https://conda.anaconda.org/conda-forge/osx-arm64/hdf5-1.14.6-nompi_had3affe_110.conda#65797138355b90a8e219afcf7e77b273
https://conda.anaconda.org/conda-forge/osx-arm64/libopenblas-0.3.33-openmp_he657e61_0.conda#909e41855c29f0d52ae630198cd57135
https://conda.anaconda.org/conda-forge/noarch/wheel-0.47.0-pyhd8ed1ab_0.conda#d0e3b2f0030cf4fca58bde71d246e94c
https://conda.anaconda.org/conda-forge/osx-arm64/libblas-3.11.0-8_h51639a9_openblas.conda#dbfe729181a32741ae63ecb41eefbac6
https://conda.anaconda.org/conda-forge/noarch/pip-26.1.2-pyh8b19718_0.conda#511fbc2c63d2c73650ad1755e4d357ba
https://conda.anaconda.org/conda-forge/osx-arm64/libcblas-3.11.0-8_hb0561ab_openblas.conda#03a2ef3491da9e5b4d18c03e9f4b3109
https://conda.anaconda.org/conda-forge/osx-arm64/liblapack-3.11.0-8_hd9741b5_openblas.conda#85adeb3d469d082dbd9c8c39e36dec57
https://conda.anaconda.org/conda-forge/osx-arm64/numpy-1.26.4-py311h7125741_0.conda#3160b93669a0def35a7a8158ebb33816
https://conda.anaconda.org/conda-forge/osx-arm64/h5py-3.15.1-nompi_py311hd5a25a3_101.conda#99f3fea6448a481c9a82fdaef1a0da1e
https://conda.anaconda.org/conda-forge/osx-arm64/numba-0.63.1-py311had9367a_0.conda#c05f68b104c8a09823bc2b4b32e9d523
https://conda.anaconda.org/conda-forge/osx-arm64/scipy-1.17.0-py311he9931d0_1.conda#9c5c9dbdaf090ba8be3beb34c01495d0
# pip flatbuffers @ https://files.pythonhosted.org/packages/e8/2d/d2a548598be01649e2d46231d151a6c56d10b964d94043a335ae56ea2d92/flatbuffers-25.12.19-py2.py3-none-any.whl#sha256=7634f50c427838bb021c2d66a3d1168e9d199b0607e6329399f04846d42e20b4
# pip humanfriendly @ https://files.pythonhosted.org/packages/f0/0f/310fb31e39e2d734ccaa2c0fb981ee41f7bd5056ce9bc29b2248bd569169/humanfriendly-10.0-py2.py3-none-any.whl#sha256=1697e1a8a8f550fd43c2865cd84542fc175a61dcb779b6fee18cf6b6ccba1477
# pip mpmath @ https://files.pythonhosted.org/packages/43/e3/7d92a15f894aa0c9c4b49b8ee9ac9850d6e63b03c9c32c0367a13ae62209/mpmath-1.3.0-py3-none-any.whl#sha256=a0b2b9fe80bbcd81a6647ff13108738cfb482d481d826cc0e02f5b35e5c88d2c
# pip protobuf @ https://files.pythonhosted.org/packages/10/03/8aeeb7458d22546bf64b5250ca1daeb5ff757d900e8e4a7476c6f0db843e/protobuf-7.35.1-cp310-abi3-macosx_10_9_universal2.whl#sha256=24f857477359a85c0c235261b8ba905fd51b2562f4a64ca1df5473f29850cbf6
# pip coloredlogs @ https://files.pythonhosted.org/packages/a7/06/3d6badcf13db419e25b07041d9c7b4a2c331d3f4e7134445ec5df57714cd/coloredlogs-15.0.1-py2.py3-none-any.whl#sha256=612ee75c546f53e92e70049c9dbfcc18c935a2b9a53b66085ce9ef6a6e5c0934
# pip sympy @ https://files.pythonhosted.org/packages/a2/09/77d55d46fd61b4a135c444fc97158ef34a095e5681d0a6c10b75bf356191/sympy-1.14.0-py3-none-any.whl#sha256=e091cc3e99d2141a0ba2847328f5479b05d94a6635cb96148ccb3f34671bd8f5
# pip onnxruntime @ https://files.pythonhosted.org/packages/44/be/467b00f09061572f022ffd17e49e49e5a7a789056bad95b54dfd3bee73ff/onnxruntime-1.23.2-cp311-cp311-macosx_13_0_arm64.whl#sha256=6f91d2c9b0965e86827a5ba01531d5b669770b01775b23199565d6c1f136616c
