# Generated by conda-lock.
# platform: osx-64
# input_hash: cbd1acc8b795e769c410c4a9bfc9b19010a1ac1212f41d7d246a53cd8a2a19c7
@EXPLICIT
https://conda.anaconda.org/conda-forge/osx-64/libev-4.33-h10d778d_2.conda#899db79329439820b7e8f8de41bca902
https://conda.anaconda.org/conda-forge/noarch/python_abi-3.11-8_cp311.conda#8fcb6b0e2161850556231336dae58358
https://conda.anaconda.org/conda-forge/noarch/tzdata-2026c-h151e31d_0.conda#fcb489df604d100968b737f2cb6076c6
https://conda.anaconda.org/conda-forge/osx-64/bzip2-1.0.8-h500dc9f_9.conda#4173ac3b19ec0a4f400b4f782910368b
https://conda.anaconda.org/conda-forge/osx-64/c-ares-1.34.8-ha1e9b39_0.conda#99bc571aba2ddd7130cb315fe38f6dd0
https://conda.anaconda.org/conda-forge/noarch/ca-certificates-2026.7.22-hbd8a1cb_0.conda#0f51e2391ade309db462a55611263e9c
https://conda.anaconda.org/conda-forge/osx-64/icu-78.3-h4350ee2_2.conda#8d9c4f92c4e8b2a9d358ce7faf19c5a2
https://conda.anaconda.org/conda-forge/osx-64/libcxx-22.1.8-h19cb2f5_0.conda#0f600157f28fc7bc9549ecafdfa5bc12
https://conda.anaconda.org/conda-forge/osx-64/libexpat-2.8.1-hcc62823_1.conda#dcfdea7b7013beef0a4d744d776ea38f
https://conda.anaconda.org/conda-forge/osx-64/libffi-3.7.0-h8c408c4_0.conda#b85d1868b8d9af5306443978da2961d6
https://conda.anaconda.org/conda-forge/osx-64/liblzma-5.8.3-hbb4bfdb_0.conda#becdfbfe7049fa248e52aa37a9df09e2
https://conda.anaconda.org/conda-forge/osx-64/libzlib-1.3.2-hbb4bfdb_2.conda#30439ff30578e504ee5e0b390afc8c65
https://conda.anaconda.org/conda-forge/osx-64/llvm-openmp-22.1.8-h0d3cbff_0.conda#9d5828c46147a47f828ca47a18407621
https://conda.anaconda.org/conda-forge/osx-64/ncurses-6.6-hcc0dc9a_0.conda#31b8740cf1b2588d4e61c81191004061
https://conda.anaconda.org/conda-forge/osx-64/_openmp_mutex-4.5-7_kmp_llvm.conda#eaac87c21aff3ed21ad9656697bb8326
https://conda.anaconda.org/conda-forge/osx-64/libaec-1.1.5-he7c3a48_0.conda#975f98248cde8d54884c6d1eb5184e13
https://conda.anaconda.org/conda-forge/osx-64/libedit-3.1.20250104-pl5321ha958ccf_0.conda#1f4ed31220402fcddc083b4bff406868
https://conda.anaconda.org/conda-forge/osx-64/liblzma-devel-5.8.3-hbb4bfdb_0.conda#a59a33afff299f2d95fdabbd1214f4f1
https://conda.anaconda.org/conda-forge/osx-64/libpsl-0.22.0-ha9fe4b0_1.conda#372870287bccae5d1696e6f5533f4937
https://conda.anaconda.org/conda-forge/osx-64/libsqlite-3.53.4-h77d7759_0.conda#993009426e1d3aa90eed155171bd59d8
https://conda.anaconda.org/conda-forge/osx-64/openssl-3.6.3-hc881268_0.conda#46be42ab403712fd349d007d763bf767
https://conda.anaconda.org/conda-forge/osx-64/readline-8.3-h68b038d_0.conda#eefd65452dfe7cce476a519bece46704
https://conda.anaconda.org/conda-forge/osx-64/tk-8.6.13-hb794df6_3.conda#bc699b366e49399bf8e5c6de99bb8cfb
https://conda.anaconda.org/conda-forge/osx-64/xz-gpl-tools-5.8.3-h6a5a847_0.conda#f2d1a60e16eb0da1cac4f9d0129957da
https://conda.anaconda.org/conda-forge/osx-64/xz-tools-5.8.3-hbb4bfdb_0.conda#0a8d7aa810e8bef50429295f485fb14c
https://conda.anaconda.org/conda-forge/osx-64/zstd-1.5.7-h3eecb57_6.conda#727109b184d680772e3122f40136d5ca
https://conda.anaconda.org/conda-forge/osx-64/krb5-1.22.2-h3ddfcb2_1.conda#e070b249c4f9c6bddb7984a1a794e8df
https://conda.anaconda.org/conda-forge/osx-64/libgcc-15.2.0-h08519bb_20.conda#1584a9045b65fb73d0efe653f3f60c2d
https://conda.anaconda.org/conda-forge/osx-64/libnghttp2-1.68.1-h70048d4_0.conda#dba4c95e2fe24adcae4b77ebf33559ae
https://conda.anaconda.org/conda-forge/osx-64/libssh2-1.11.1-hed3591d_0.conda#a6cb15db1c2dc4d3a5f6cf3772e09e81
https://conda.anaconda.org/conda-forge/osx-64/xz-5.8.3-h6a5a847_0.conda#65aa14eb080715ecf13b15e5d85acde2
https://conda.anaconda.org/conda-forge/osx-64/libcurl-8.21.0-h06afde3_2.conda#38c8e5eae6090e0be9e2ed40e3fc4553
https://conda.anaconda.org/conda-forge/osx-64/libgfortran5-15.2.0-hd16e46c_20.conda#e88f784ef827581e5e56f54acd74d55f
https://conda.anaconda.org/conda-forge/osx-64/python-3.11.9-h657bba9_0_cpython.conda#612763bc5ede9552e4233ec518b9c9fb
https://conda.anaconda.org/conda-forge/noarch/cached_property-1.5.2-pyha770c72_2.conda#f71e6840332854fd2eac6c3229768a9c
https://conda.anaconda.org/conda-forge/osx-64/libgfortran-15.2.0-h7e5c614_20.conda#62177155326072b1203cfa6f8bbe8962
https://conda.anaconda.org/conda-forge/osx-64/llvmlite-0.46.0-py311hb26b958_0.conda#52b906dd9165022aca24a9e709a3eaec
https://conda.anaconda.org/conda-forge/noarch/packaging-26.2-pyhc364b38_0.conda#4c06a92e74452cfa53623a81592e8934
https://conda.anaconda.org/conda-forge/noarch/setuptools-83.0.0-pyh332efcf_0.conda#6bf6acbab2499830180ec88c3aff2fa4
https://conda.anaconda.org/conda-forge/noarch/cached-property-1.5.2-hd8ed1ab_2.conda#1990eb3f49022846fbc7fc9624a0ee43
https://conda.anaconda.org/conda-forge/osx-64/hdf5-1.14.6-nompi_h13accda_110.conda#8fa7c7e9a3c1b57a37bc03f0183aaf17
https://conda.anaconda.org/conda-forge/osx-64/libopenblas-0.3.33-openmp_h9e49c7b_0.conda#30666a6f0afe1471e999eca7ae5c8179
https://conda.anaconda.org/conda-forge/noarch/wheel-0.47.0-pyhd8ed1ab_0.conda#d0e3b2f0030cf4fca58bde71d246e94c
https://conda.anaconda.org/conda-forge/osx-64/libblas-3.11.0-8_he492b99_openblas.conda#7da1e8ab7c4498db9457c191d82930a3
https://conda.anaconda.org/conda-forge/noarch/pip-26.1.2-pyh8b19718_0.conda#511fbc2c63d2c73650ad1755e4d357ba
https://conda.anaconda.org/conda-forge/osx-64/libcblas-3.11.0-8_h9b27e0a_openblas.conda#4f116127b172bbba835c1e0491efd86f
https://conda.anaconda.org/conda-forge/osx-64/liblapack-3.11.0-8_h859234e_openblas.conda#e11ee849bd2a573a0f6e53b1b67ebf37
https://conda.anaconda.org/conda-forge/osx-64/numpy-1.26.4-py311hc43a94b_0.conda#bb02b8801d17265160e466cf8bbf28da
https://conda.anaconda.org/conda-forge/osx-64/h5py-3.15.1-nompi_py311hc8b82f0_101.conda#64cf6c04db5617196149cb21c43ff873
https://conda.anaconda.org/conda-forge/osx-64/numba-0.63.1-py311hfe9595b_0.conda#ab1fa59c3dedec55d54664060d4b6ce6
https://conda.anaconda.org/conda-forge/osx-64/scipy-1.17.0-py311h553d447_1.conda#0572c8c33b1938b2e2fddefa5ebb31c5
# pip flatbuffers @ https://files.pythonhosted.org/packages/e8/2d/d2a548598be01649e2d46231d151a6c56d10b964d94043a335ae56ea2d92/flatbuffers-25.12.19-py2.py3-none-any.whl#sha256=7634f50c427838bb021c2d66a3d1168e9d199b0607e6329399f04846d42e20b4
# pip humanfriendly @ https://files.pythonhosted.org/packages/f0/0f/310fb31e39e2d734ccaa2c0fb981ee41f7bd5056ce9bc29b2248bd569169/humanfriendly-10.0-py2.py3-none-any.whl#sha256=1697e1a8a8f550fd43c2865cd84542fc175a61dcb779b6fee18cf6b6ccba1477
# pip mpmath @ https://files.pythonhosted.org/packages/43/e3/7d92a15f894aa0c9c4b49b8ee9ac9850d6e63b03c9c32c0367a13ae62209/mpmath-1.3.0-py3-none-any.whl#sha256=a0b2b9fe80bbcd81a6647ff13108738cfb482d481d826cc0e02f5b35e5c88d2c
# pip protobuf @ https://files.pythonhosted.org/packages/10/03/8aeeb7458d22546bf64b5250ca1daeb5ff757d900e8e4a7476c6f0db843e/protobuf-7.35.1-cp310-abi3-macosx_10_9_universal2.whl#sha256=24f857477359a85c0c235261b8ba905fd51b2562f4a64ca1df5473f29850cbf6
# pip coloredlogs @ https://files.pythonhosted.org/packages/a7/06/3d6badcf13db419e25b07041d9c7b4a2c331d3f4e7134445ec5df57714cd/coloredlogs-15.0.1-py2.py3-none-any.whl#sha256=612ee75c546f53e92e70049c9dbfcc18c935a2b9a53b66085ce9ef6a6e5c0934
# pip sympy @ https://files.pythonhosted.org/packages/a2/09/77d55d46fd61b4a135c444fc97158ef34a095e5681d0a6c10b75bf356191/sympy-1.14.0-py3-none-any.whl#sha256=e091cc3e99d2141a0ba2847328f5479b05d94a6635cb96148ccb3f34671bd8f5
# pip onnxruntime @ https://files.pythonhosted.org/packages/9f/a8/3c23a8f75f93122d2b3410bfb74d06d0f8da4ac663185f91866b03f7da1b/onnxruntime-1.23.2-cp311-cp311-macosx_13_0_x86_64.whl#sha256=87d8b6eaf0fbeb6835a60a4265fde7a3b60157cf1b2764773ac47237b4d48612
